// !$*UTF8*$!
{
	archiveVersion = 1;
	classes = {
	};
	objectVersion = 46;
	objects = {

/* Begin PBXBuildFile section */
		98317C491E15A0B000D87199 /* AppDelegate.swift in Sources */ = {isa = PBXBuildFile; fileRef = 98317C481E15A0B000D87199 /* AppDelegate.swift */; };
		98317C4B1E15A0B000D87199 /* ViewController.swift in Sources */ = {isa = PBXBuildFile; fileRef = 98317C4A1E15A0B000D87199 /* ViewController.swift */; };
		98317C4E1E15A0B000D87199 /* Main.storyboard in Resources */ = {isa = PBXBuildFile; fileRef = 98317C4C1E15A0B000D87199 /* Main.storyboard */; };
		98317C501E15A0B000D87199 /* Assets.xcassets in Resources */ = {isa = PBXBuildFile; fileRef = 98317C4F1E15A0B000D87199 /* Assets.xcassets */; };
		98317C531E15A0B000D87199 /* LaunchScreen.storyboard in Resources */ = {isa = PBXBuildFile; fileRef = 98317C511E15A0B000D87199 /* LaunchScreen.storyboard */; };
/* End PBXBuildFile section */

/* Begin PBXFileReference section */
		98317C451E15A0AF00D87199 /* SnapShit.app */ = {isa = PBXFileReference; explicitFileType = wrapper.application; includeInIndex = 0; path = SnapShit.app; sourceTree = BUILT_PRODUCTS_DIR; };
		98317C481E15A0B000D87199 /* AppDelegate.swift */ = {isa = PBXFileReference; lastKnownFileType = sourcecode.swift; path = AppDelegate.swift; sourceTree = "<group>"; };
		98317C4A1E15A0B000D87199 /* ViewController.swift */ = {isa = PBXFileReference; lastKnownFileType = sourcecode.swift; path = ViewController.swift; sourceTree = "<group>"; };
		98317C4D1E15A0B000D87199 /* Base */ = {isa = PBXFileReference; lastKnownFileType = file.storyboard; name = Base; path = Base.lproj/Main.storyboard; sourceTree = "<group>"; };
		98317C4F1E15A0B000D87199 /* Assets.xcassets */ = {isa = PBXFileReference; lastKnownFileType = folder.assetcatalog; path = Assets.xcassets; sourceTree = "<group>"; };
		98317C521E15A0B000D87199 /* Base */ = {isa = PBXFileReference; lastKnownFileType = file.storyboard; name = Base; path = Base.lproj/LaunchScreen.storyboard; sourceTree = "<group>"; };
		98317C541E15A0B000D87199 /* Info.plist */ = {isa = PBXFileReference; lastKnownFileType = text.plist.xml; path = Info.plist; sourceTree = "<group>"; };
/* End PBXFileReference section */

/* Begin PBXFrameworksBuildPhase section */
		98317C421E15A0AF00D87199 /* Frameworks */ = {
			isa = PBXFrameworksBuildPhase;
			buildActionMask = 2147483647;
			files = (
			);
			runOnlyForDeploymentPostprocessing = 0;
		};
/* End PBXFrameworksBuildPhase section */

/* Begin PBXGroup section */
		98317C3C1E15A0AF00D87199 = {
			isa = PBXGroup;
			children = (
				98317C471E15A0B000D87199 /* SnapShit */,
				98317C461E15A0AF00D87199 /* Products */,
			);
			sourceTree = "<group>";
		};
		98317C461E15A0AF00D87199 /* Products */ = {
			isa = PBXGroup;
			children = (
				98317C451E15A0AF00D87199 /* SnapShit.app */,
			);
			name = Products;
			sourceTree = "<group>";
		};
		98317C471E15A0B000D87199 /* SnapShit */ = {
			isa = PBXGroup;
			children = (
				98317C481E15A0B000D87199 /* AppDelegate.swift */,
				98317C4A1E15A0B000D87199 /* ViewController.swift */,
				98317C4C1E15A0B000D87199 /* Main.storyboard */,
				98317C4F1E15A0B000D87199 /* Assets.xcassets */,
				98317C511E15A0B000D87199 /* LaunchScreen.storyboard */,
				98317C541E15A0B000D87199 /* Info.plist */,
			);
			path = SnapShit;
			sourceTree = "<group>";
		};
/* End PBXGroup section */

/* Begin PBXNativeTarget section */
		98317C441E15A0AF00D87199 /* SnapShit */ = {
			isa = PBXNativeTarget;
			buildConfigurationList = 98317C571E15A0B000D87199 /* Build configuration list for PBXNativeTarget "SnapShit" */;
			buildPhases = (
				98317C411E15A0AF00D87199 /* Sources */,
				98317C421E15A0AF00D87199 /* Frameworks */,
				98317C431E15A0AF00D87199 /* Resources */,
			);
			buildRules = (
			);
			dependencies = (
			);
			name = SnapShit;
			productName = SnapShit;
			productReference = 98317C451E15A0AF00D87199 /* SnapShit.app */;
			productType = "com.apple.product-type.application";
		};
/* End PBXNativeTarget section */

/* Begin PBXProject section */
		98317C3D1E15A0AF00D87199 /* Project object */ = {
			isa = PBXProject;
			attributes = {
				LastSwiftUpdateCheck = 0820;
				LastUpgradeCheck = 0820;
				ORGANIZATIONNAME = "David Roddy";
				TargetAttributes = {
					98317C441E15A0AF00D87199 = {
						CreatedOnToolsVersion = 8.2.1;
						DevelopmentTeam = L7UBP2M73C;
						ProvisioningStyle = Automatic;
					};
				};
			};
			buildConfigurationList = 98317C401E15A0AF00D87199 /* Build configuration list for PBXProject "SnapShit" */;
			compatibilityVersion = "Xcode 3.2";
			developmentRegion = English;
			hasScannedForEncodings = 0;
			knownRegions = (
				en,
				Base,
			);
			mainGroup = 98317C3C1E15A0AF00D87199;
			productRefGroup = 98317C461E15A0AF00D87199 /* Products */;
			projectDirPath = "";
			projectRoot = "";
			targets = (
				98317C441E15A0AF00D87199 /* SnapShit */,
			);
		};
/* End PBXProject section */

/* Begin PBXResourcesBuildPhase section */
		98317C431E15A0AF00D87199 /* Resources */ = {
			isa = PBXResourcesBuildPhase;
			buildActionMask = 2147483647;
			files = (
				98317C531E15A0B000D87199 /* LaunchScreen.storyboard in Resources */,
				98317C501E15A0B000D87199 /* Assets.xcassets in Resources */,
				98317C4E1E15A0B000D87199 /* Main.storyboard in Resources */,
			);
			runOnlyForDeploymentPostprocessing = 0;
		};
/* End PBXResourcesBuildPhase section */

/* Begin PBXSourcesBuildPhase section */
		98317C411E15A0AF00D87199 /* Sources */ = {
			isa = PBXSourcesBuildPhase;
			buildActionMask = 2147483647;
			files = (
				98317C4B1E15A0B000D87199 /* ViewController.swift in Sources */,
				98317C491E15A0B000D87199 /* AppDelegate.swift in Sources */,
			);
			runOnlyForDeploymentPostprocessing = 0;
		};
/* End PBXSourcesBuildPhase section */

/* Begin PBXVariantGroup section */
		98317C4C1E15A0B000D87199 /* Main.storyboard */ = {
			isa = PBXVariantGroup;
			children = (
				98317C4D1E15A0B000D87199 /* Base */,
			);
			name = Main.storyboard;
			sourceTree = "<group>";
		};
		98317C511E15A0B000D87199 /* LaunchScreen.storyboard */ = {
			isa = PBXVariantGroup;
			children = (
				98317C521E15A0B000D87199 /* Base */,
			);
			name = LaunchScreen.storyboard;
			sourceTree = "<group>";
		};
/* End PBXVariantGroup section */

/* Begin XCBuildConfiguration section */
		98317C551E15A0B000D87199 /* Debug */ = {
			isa = XCBuildConfiguration;
			buildSettings = {
				ALWAYS_SEARCH_USER_PATHS = NO;
				CLANG_ANALYZER_NONNULL = YES;
				CLANG_CXX_LANGUAGE_STANDARD = "gnu++0x";
				CLANG_CXX_LIBRARY = "libc++";
				CLANG_ENABLE_MODULES = YES;
				CLANG_ENABLE_OBJC_ARC = YES;
				CLANG_WARN_BOOL_CONVERSION = YES;
				CLANG_WARN_CONSTANT_CONVERSION = YES;
				CLANG_WARN_DIRECT_OBJC_ISA_USAGE = YES_ERROR;
				CLANG_WARN_DOCUMENTATION_COMMENTS = YES;
				CLANG_WARN_EMPTY_BODY = YES;
				CLANG_WARN_ENUM_CONVERSION = YES;
				CLANG_WARN_INFINITE_RECURSION = YES;
				CLANG_WARN_INT_CONVERSION = YES;
				CLANG_WARN_OBJC_ROOT_CLASS = YES_ERROR;
				CLANG_WARN_SUSPICIOUS_MOVE = YES;
				CLANG_WARN_UNREACHABLE_CODE = YES;
				CLANG_WARN__DUPLICATE_METHOD_MATCH = YES;
				"CODE_SIGN_IDENTITY[sdk=iphoneos*]" = "iPhone Developer";
				COPY_PHASE_STRIP = NO;
				DEBUG_INFORMATION_FORMAT = dwarf;
				ENABLE_STRICT_OBJC_MSGSEND = YES;
				ENABLE_TESTABILITY = YES;
				GCC_C_LANGUAGE_STANDARD = gnu99;
				GCC_DYNAMIC_NO_PIC = NO;
				GCC_NO_COMMON_BLOCKS = YES;
				GCC_OPTIMIZATION_LEVEL = 0;
				GCC_PREPROCESSOR_DEFINITIONS = (
					"DEBUG=1",
					"$(inherited)",
				);
				GCC_WARN_64_TO_32_BIT_CONVERSION = YES;
				GCC_WARN_ABOUT_RETURN_TYPE = YES_ERROR;
				GCC_WARN_UNDECLARED_SELECTOR = YES;
				GCC_WARN_UNINITIALIZED_AUTOS = YES_AGGRESSIVE;
				GCC_WARN_UNUSED_FUNCTION = YES;
				GCC_WARN_UNUSED_VARIABLE = YES;
				IPHONEOS_DEPLOYMENT_TARGET = 10.2;
				MTL_ENABLE_DEBUG_INFO = YES;
				ONLY_ACTIVE_ARCH = YES;
				SDKROOT = iphoneos;
				SWIFT_ACTIVE_COMPILATION_CONDITIONS = DEBUG;
				SWIFT_OPTIMIZATION_LEVEL = "-Onone";
				TARGETED_DEVICE_FAMILY = "1,2";
			};
			name = Debug;
		};
		98317C561E15A0B000D87199 /* Release */ = {
			isa = XCBuildConfiguration;
			buildSettings = {
				ALWAYS_SEARCH_USER_PATHS = NO;
				CLANG_ANALYZER_NONNULL = YES;
				CLANG_CXX_LANGUAGE_STANDARD = "gnu++0x";
				CLANG_CXX_LIBRARY = "libc++";
				CLANG_ENABLE_MODULES = YES;
				CLANG_ENABLE_OBJC_ARC = YES;
				CLANG_WARN_BOOL_CONVERSION = YES;
				CLANG_WARN_CONSTANT_CONVERSION = YES;
				CLANG_WARN_DIRECT_OBJC_ISA_USAGE = YES_ERROR;
				CLANG_WARN_DOCUMENTATION_COMMENTS = YES;
				CLANG_WARN_EMPTY_BODY = YES;
				CLANG_WARN_ENUM_CONVERSION = YES;
				CLANG_WARN_INFINITE_RECURSION = YES;
				CLANG_WARN_INT_CONVERSION = YES;
				CLANG_WARN_OBJC_ROOT_CLASS = YES_ERROR;
				CLANG_WARN_SUSPICIOUS_MOVE = YES;
				CLANG_WARN_UNREACHABLE_CODE = YES;
				CLANG_WARN__DUPLICATE_METHOD_MATCH = YES;
				"CODE_SIGN_IDENTITY[sdk=iphoneos*]" = "iPhone Developer";
				COPY_PHASE_STRIP = NO;
				DEBUG_INFORMATION_FORMAT = "dwarf-with-dsym";
				ENABLE_NS_ASSERTIONS = NO;
				ENABLE_STRICT_OBJC_MSGSEND = YES;
				GCC_C_LANGUAGE_STANDARD = gnu99;
				GCC_NO_COMMON_BLOCKS = YES;
				GCC_WARN_64_TO_32_BIT_CONVERSION = YES;
				GCC_WARN_ABOUT_RETURN_TYPE = YES_ERROR;
				GCC_WARN_UNDECLARED_SELECTOR = YES;
				GCC_WARN_UNINITIALIZED_AUTOS = YES_AGGRESSIVE;
				GCC_WARN_UNUSED_FUNCTION = YES;
				GCC_WARN_UNUSED_VARIABLE = YES;
				IPHONEOS_DEPLOYMENT_TARGET = 10.2;
				MTL_ENABLE_DEBUG_INFO = NO;
				SDKROOT = iphoneos;
				SWIFT_OPTIMIZATION_LEVEL = "-Owholemodule";
				TARGETED_DEVICE_FAMILY = "1,2";
				VALIDATE_PRODUCT = YES;
			};
			name = Release;
		};
		98317C581E15A0B000D87199 /* Debug */ = {
			isa = XCBuildConfiguration;
			buildSettings = {
				ASSETCATALOG_COMPILER_APPICON_NAME = AppIcon;
				DEVELOPMENT_TEAM = L7UBP2M73C;
				INFOPLIST_FILE = SnapShit/Info.plist;
				LD_RUNPATH_SEARCH_PATHS = "$(inherited) @executable_path/Frameworks";
				PRODUCT_BUNDLE_IDENTIFIER = "Loopta-Technologies.SnapShit";
				PRODUCT_NAME = "$(TARGET_NAME)";
				SWIFT_VERSION = 3.0;
			};
			name = Debug;
		};
		98317C591E15A0B000D87199 /* Release */ = {
			isa = XCBuildConfiguration;
			buildSettings = {
				ASSETCATALOG_COMPILER_APPICON_NAME = AppIcon;
				DEVELOPMENT_TEAM = L7UBP2M73C;
				INFOPLIST_FILE = SnapShit/Info.plist;
				LD_RUNPATH_SEARCH_PATHS = "$(inherited) @executable_path/Frameworks";
				PRODUCT_BUNDLE_IDENTIFIER = "Loopta-Technologies.SnapShit";
				PRODUCT_NAME = "$(TARGET_NAME)";
				SWIFT_VERSION = 3.0;
			};
			name = Release;
		};
/* End XCBuildConfiguration section */

/* Begin XCConfigurationList section */
		98317C401E15A0AF00D87199 /* Build configuration list for PBXProject "SnapShit" */ = {
			isa = XCConfigurationList;
			buildConfigurations = (
				98317C551E15A0B000D87199 /* Debug */,
				98317C561E15A0B000D87199 /* Release */,
			);
			defaultConfigurationIsVisible = 0;
			defaultConfigurationName = Release;
		};
		98317C571E15A0B000D87199 /* Build configuration list for PBXNativeTarget "SnapShit" */ = {
			isa = XCConfigurationList;
			buildConfigurations = (
				98317C581E15A0B000D87199 /* Debug */,
				98317C591E15A0B000D87199 /* Release */,
			);
			defaultConfigurationIsVisible = 0;
		};
/* End XCConfigurationList section */
	};
	rootObject = 98317C3D1E15A0AF00D87199 /* Project object */;
}
